
Microsoft Visual Studio Solution File, Format Version 12.00
# Visual Studio 15
Project("{FAE04EC0-301F-11D3-BF4B-00C04F79EFBC}") = "SoulKnight", "SoulKnight.csproj", "{BECEF1AD-0C5A-77CB-E48F-38FBE49CB39E}"
EndProject
Global
	GlobalSection(SolutionConfigurationPlatforms) = preSolution
		Debug|Any CPU = Debug|Any CPU
		Release|Any CPU = Release|Any CPU
	EndGlobalSection
	GlobalSection(ProjectConfigurationPlatforms) = postSolution
		{BECEF1AD-0C5A-77CB-E48F-38FBE49CB39E}.Debug|Any CPU.ActiveCfg = Debug|Any CPU
		{BECEF1AD-0C5A-77CB-E48F-38FBE49CB39E}.Debug|Any CPU.Build.0 = Debug|Any CPU
		{BECEF1AD-0C5A-77CB-E48F-38FBE49CB39E}.Release|Any CPU.ActiveCfg = Release|Any CPU
		{BECEF1AD-0C5A-77CB-E48F-38FBE49CB39E}.Release|Any CPU.Build.0 = Release|Any CPU
	EndGlobalSection
	GlobalSection(SolutionProperties) = preSolution
		HideSolutionNode = FALSE
	EndGlobalSection
EndGlobal
